<?xml version="1.0" encoding="utf-8"?>
<Project ToolsVersion="4.0" xmlns="http://schemas.microsoft.com/developer/msbuild/2003">
  <ItemGroup>
    <ClInclude Include="brdf.h" />
    <ClInclude Include="brdf_beckmann.h" />
    <ClInclude Include="brdf_disneyDiffuse.h" />
    <ClInclude Include="brdf_ggx.h" />
    <ClInclude Include="CImg.h" />
    <ClInclude Include="dds.h" />
    <ClInclude Include="export.h" />
    <ClInclude Include="LTC.h" />
    <ClInclude Include="nelder_mead.h" />
    <ClInclude Include="plot.h" />
  </ItemGroup>
  <ItemGroup>
    <ClCompile Include="dds.cpp" />
    <ClCompile Include="fitLTC.cpp" />
  </ItemGroup>
</Project>